
Microsoft Visual Studio Solution File, Format Version 12.00
# Visual Studio 15
VisualStudioVersion = 15.0.27130.0
MinimumVisualStudioVersion = 10.0.40219.1
Project("{FAE04EC0-301F-11D3-BF4B-00C04F79EFBC}") = "MIS_Project", "MIS_Project\MIS_Project.csproj", "{F94D12A8-5460-49DB-8959-C5AB665868D6}"
EndProject
Global
	GlobalSection(SolutionConfigurationPlatforms) = preSolution
		Debug|Any CPU = Debug|Any CPU
		Release|Any CPU = Release|Any CPU
	EndGlobalSection
	GlobalSection(ProjectConfigurationPlatforms) = postSolution
		{F94D12A8-5460-49DB-8959-C5AB665868D6}.Debug|Any CPU.ActiveCfg = Debug|Any CPU
		{F94D12A8-5460-49DB-8959-C5AB665868D6}.Debug|Any CPU.Build.0 = Debug|Any CPU
		{F94D12A8-5460-49DB-8959-C5AB665868D6}.Release|Any CPU.ActiveCfg = Release|Any CPU
		{F94D12A8-5460-49DB-8959-C5AB665868D6}.Release|Any CPU.Build.0 = Release|Any CPU
	EndGlobalSection
	GlobalSection(SolutionProperties) = preSolution
		HideSolutionNode = FALSE
	EndGlobalSection
	GlobalSection(ExtensibilityGlobals) = postSolution
		SolutionGuid = {0B236E09-7290-456D-980C-0D6D35658E75}
	EndGlobalSection
EndGlobal
